
Microsoft Visual Studio Solution File, Format Version 12.00
# Visual Studio Version 16
VisualStudioVersion = 16.0.30804.86
MinimumVisualStudioVersion = 10.0.40219.1
Project("{FAE04EC0-301F-11D3-BF4B-00C04F79EFBC}") = "ConsolGit", "ConsolGit\ConsolGit.csproj", "{06C57CA5-11DB-47F1-9285-191B7311EA0D}"
EndProject
Global
	GlobalSection(SolutionConfigurationPlatforms) = preSolution
		Debug|Any CPU = Debug|Any CPU
		Release|Any CPU = Release|Any CPU
	EndGlobalSection
	GlobalSection(ProjectConfigurationPlatforms) = postSolution
		{06C57CA5-11DB-47F1-9285-191B7311EA0D}.Debug|Any CPU.ActiveCfg = Debug|Any CPU
		{06C57CA5-11DB-47F1-9285-191B7311EA0D}.Debug|Any CPU.Build.0 = Debug|Any CPU
		{06C57CA5-11DB-47F1-9285-191B7311EA0D}.Release|Any CPU.ActiveCfg = Release|Any CPU
		{06C57CA5-11DB-47F1-9285-191B7311EA0D}.Release|Any CPU.Build.0 = Release|Any CPU
	EndGlobalSection
	GlobalSection(SolutionProperties) = preSolution
		HideSolutionNode = FALSE
	EndGlobalSection
	GlobalSection(ExtensibilityGlobals) = postSolution
		SolutionGuid = {E35354AB-EE99-4A68-9495-793D077E1A1E}
	EndGlobalSection
EndGlobal
